
Microsoft Visual Studio Solution File, Format Version 12.00
# Visual Studio Version 17
VisualStudioVersion = 17.8.34309.116
MinimumVisualStudioVersion = 10.0.40219.1
Project("{FAE04EC0-301F-11D3-BF4B-00C04F79EFBC}") = "InfuxDBPractice", "InfuxDBPractice\InfuxDBPractice.csproj", "{FE4E03AC-B833-4AE2-A99A-AD1A36166022}"
EndProject
Global
	GlobalSection(SolutionConfigurationPlatforms) = preSolution
		Debug|Any CPU = Debug|Any CPU
		Release|Any CPU = Release|Any CPU
	EndGlobalSection
	GlobalSection(ProjectConfigurationPlatforms) = postSolution
		{FE4E03AC-B833-4AE2-A99A-AD1A36166022}.Debug|Any CPU.ActiveCfg = Debug|Any CPU
		{FE4E03AC-B833-4AE2-A99A-AD1A36166022}.Debug|Any CPU.Build.0 = Debug|Any CPU
		{FE4E03AC-B833-4AE2-A99A-AD1A36166022}.Release|Any CPU.ActiveCfg = Release|Any CPU
		{FE4E03AC-B833-4AE2-A99A-AD1A36166022}.Release|Any CPU.Build.0 = Release|Any CPU
	EndGlobalSection
	GlobalSection(SolutionProperties) = preSolution
		HideSolutionNode = FALSE
	EndGlobalSection
	GlobalSection(ExtensibilityGlobals) = postSolution
		SolutionGuid = {5E27A5C5-EC42-4C58-BDC9-FE1E32E61DBD}
	EndGlobalSection
EndGlobal
